
Microsoft Visual Studio Solution File, Format Version 12.00
# Visual Studio Version 17
VisualStudioVersion = 17.11.35312.102
MinimumVisualStudioVersion = 10.0.40219.1
Project("{9A19103F-16F7-4668-BE54-9A1E7A4F7556}") = "1.1", "1.1\1.1.csproj", "{94F13179-A643-4215-8E19-0E9F09060C7B}"
EndProject
Project("{9A19103F-16F7-4668-BE54-9A1E7A4F7556}") = "2.1", "2.1\2.1.csproj", "{A0A8955A-B9F1-4AE6-8B15-4387D34EF11E}"
EndProject
Project("{9A19103F-16F7-4668-BE54-9A1E7A4F7556}") = "2.2", "2.2\2.2.csproj", "{66E1739E-9107-4EE9-A8DE-6E292FEB652D}"
EndProject
Project("{9A19103F-16F7-4668-BE54-9A1E7A4F7556}") = "2.3", "2.3\2.3.csproj", "{E2AB07BE-DC00-4A32-B7B3-9A34EA2FAEA2}"
EndProject
Project("{FAE04EC0-301F-11D3-BF4B-00C04F79EFBC}") = "3.1", "3.1\3.1.csproj", "{8EE0F0A7-561E-45DB-803C-F3410FD18407}"
EndProject
Global
	GlobalSection(SolutionConfigurationPlatforms) = preSolution
		Debug|Any CPU = Debug|Any CPU
		Release|Any CPU = Release|Any CPU
	EndGlobalSection
	GlobalSection(ProjectConfigurationPlatforms) = postSolution
		{94F13179-A643-4215-8E19-0E9F09060C7B}.Debug|Any CPU.ActiveCfg = Debug|Any CPU
		{94F13179-A643-4215-8E19-0E9F09060C7B}.Debug|Any CPU.Build.0 = Debug|Any CPU
		{94F13179-A643-4215-8E19-0E9F09060C7B}.Release|Any CPU.ActiveCfg = Release|Any CPU
		{94F13179-A643-4215-8E19-0E9F09060C7B}.Release|Any CPU.Build.0 = Release|Any CPU
		{A0A8955A-B9F1-4AE6-8B15-4387D34EF11E}.Debug|Any CPU.ActiveCfg = Debug|Any CPU
		{A0A8955A-B9F1-4AE6-8B15-4387D34EF11E}.Debug|Any CPU.Build.0 = Debug|Any CPU
		{A0A8955A-B9F1-4AE6-8B15-4387D34EF11E}.Release|Any CPU.ActiveCfg = Release|Any CPU
		{A0A8955A-B9F1-4AE6-8B15-4387D34EF11E}.Release|Any CPU.Build.0 = Release|Any CPU
		{66E1739E-9107-4EE9-A8DE-6E292FEB652D}.Debug|Any CPU.ActiveCfg = Debug|Any CPU
		{66E1739E-9107-4EE9-A8DE-6E292FEB652D}.Debug|Any CPU.Build.0 = Debug|Any CPU
		{66E1739E-9107-4EE9-A8DE-6E292FEB652D}.Release|Any CPU.ActiveCfg = Release|Any CPU
		{66E1739E-9107-4EE9-A8DE-6E292FEB652D}.Release|Any CPU.Build.0 = Release|Any CPU
		{E2AB07BE-DC00-4A32-B7B3-9A34EA2FAEA2}.Debug|Any CPU.ActiveCfg = Debug|Any CPU
		{E2AB07BE-DC00-4A32-B7B3-9A34EA2FAEA2}.Debug|Any CPU.Build.0 = Debug|Any CPU
		{E2AB07BE-DC00-4A32-B7B3-9A34EA2FAEA2}.Release|Any CPU.ActiveCfg = Release|Any CPU
		{E2AB07BE-DC00-4A32-B7B3-9A34EA2FAEA2}.Release|Any CPU.Build.0 = Release|Any CPU
		{8EE0F0A7-561E-45DB-803C-F3410FD18407}.Debug|Any CPU.ActiveCfg = Debug|Any CPU
		{8EE0F0A7-561E-45DB-803C-F3410FD18407}.Debug|Any CPU.Build.0 = Debug|Any CPU
		{8EE0F0A7-561E-45DB-803C-F3410FD18407}.Release|Any CPU.ActiveCfg = Release|Any CPU
		{8EE0F0A7-561E-45DB-803C-F3410FD18407}.Release|Any CPU.Build.0 = Release|Any CPU
	EndGlobalSection
	GlobalSection(SolutionProperties) = preSolution
		HideSolutionNode = FALSE
	EndGlobalSection
	GlobalSection(ExtensibilityGlobals) = postSolution
		SolutionGuid = {95CD4BC6-4D83-4A43-BBE5-40DE7213E629}
	EndGlobalSection
EndGlobal
